<?xml version="1.0"?>
<Project ToolsVersion="4.0" xmlns="http://schemas.microsoft.com/developer/msbuild/2003">
	<ItemGroup>
		<ClCompile Include="src\ofApp.cpp">
			<Filter>src</Filter>
		</ClCompile>
		<ClCompile Include="src\main.cpp">
			<Filter>src</Filter>
		</ClCompile>
		<ClCompile Include="src\main.cpp">
			<Filter>src</Filter>
		</ClCompile>
		<ClCompile Include="src\ofApp.cpp">
			<Filter>src</Filter>
		</ClCompile>
		<ClCompile Include="..\..\..\addons\ofxSpout\src\ofxSpout\Receiver.cpp">
			<Filter>addons\ofxSpout\src\ofxSpout</Filter>
		</ClCompile>
		<ClCompile Include="..\..\..\addons\ofxSpout\src\ofxSpout\Sender.cpp">
			<Filter>addons\ofxSpout\src\ofxSpout</Filter>
		</ClCompile>
		<ClCompile Include="..\..\..\addons\ofxSpout\src\ofxSpout\Utils.cpp">
			<Filter>addons\ofxSpout\src\ofxSpout</Filter>
		</ClCompile>
	</ItemGroup>
	<ItemGroup>
		<Filter Include="src">
			<UniqueIdentifier>{d8376475-7454-4a24-b08a-aac121d3ad6f}</UniqueIdentifier>
		</Filter>
		<Filter Include="addons">
			<UniqueIdentifier>{501091C0--121-2-42-12-8-D6C-F01FA560C5F2}</UniqueIdentifier>
		</Filter>
		<Filter Include="addons\ofxSpout">
			<UniqueIdentifier>{40AB61C3--723-D-47-BE-A-F56-D7DB6B48AE92}</UniqueIdentifier>
		</Filter>
		<Filter Include="addons\ofxSpout\src">
			<UniqueIdentifier>{42040927--3D3-D-46-05-8-B4C-DE3D06AF0E9D}</UniqueIdentifier>
		</Filter>
		<Filter Include="addons\ofxSpout\src\ofxSpout">
			<UniqueIdentifier>{BF77429A--206-0-47-C3-9-C29-E783C7785086}</UniqueIdentifier>
		</Filter>
		<Filter Include="addons\ofxSpout\libs">
			<UniqueIdentifier>{CE4DCA3E--41A-A-42-7E-A-AF7-59702AB581F4}</UniqueIdentifier>
		</Filter>
		<Filter Include="addons\ofxSpout\libs\SpoutSDK">
			<UniqueIdentifier>{E3947DE4--BE9-8-48-26-8-6AD-0B947017DD7E}</UniqueIdentifier>
		</Filter>
		<Filter Include="addons\ofxSpout\libs\SpoutSDK\include">
			<UniqueIdentifier>{1B9A04D0--27B-4-45-BF-B-55F-D6C64357E051}</UniqueIdentifier>
		</Filter>
	</ItemGroup>
	<ItemGroup>
		<ClInclude Include="src\ofApp.h">
			<Filter>src</Filter>
		</ClInclude>
		<ClInclude Include="src\ofApp.h">
			<Filter>src</Filter>
		</ClInclude>
		<ClInclude Include="..\..\..\addons\ofxSpout\src\ofxSpout\Receiver.h">
			<Filter>addons\ofxSpout\src\ofxSpout</Filter>
		</ClInclude>
		<ClInclude Include="..\..\..\addons\ofxSpout\src\ofxSpout\Sender.h">
			<Filter>addons\ofxSpout\src\ofxSpout</Filter>
		</ClInclude>
		<ClInclude Include="..\..\..\addons\ofxSpout\src\ofxSpout\Utils.h">
			<Filter>addons\ofxSpout\src\ofxSpout</Filter>
		</ClInclude>
		<ClInclude Include="..\..\..\addons\ofxSpout\src\ofxSpout.h">
			<Filter>addons\ofxSpout\src</Filter>
		</ClInclude>
		<ClInclude Include="..\..\..\addons\ofxSpout\libs\SpoutSDK\include\Spout.h">
			<Filter>addons\ofxSpout\libs\SpoutSDK\include</Filter>
		</ClInclude>
		<ClInclude Include="..\..\..\addons\ofxSpout\libs\SpoutSDK\include\SpoutCommon.h">
			<Filter>addons\ofxSpout\libs\SpoutSDK\include</Filter>
		</ClInclude>
		<ClInclude Include="..\..\..\addons\ofxSpout\libs\SpoutSDK\include\SpoutCopy.h">
			<Filter>addons\ofxSpout\libs\SpoutSDK\include</Filter>
		</ClInclude>
		<ClInclude Include="..\..\..\addons\ofxSpout\libs\SpoutSDK\include\SpoutDirectX.h">
			<Filter>addons\ofxSpout\libs\SpoutSDK\include</Filter>
		</ClInclude>
		<ClInclude Include="..\..\..\addons\ofxSpout\libs\SpoutSDK\include\SpoutFrameCount.h">
			<Filter>addons\ofxSpout\libs\SpoutSDK\include</Filter>
		</ClInclude>
		<ClInclude Include="..\..\..\addons\ofxSpout\libs\SpoutSDK\include\SpoutGL.h">
			<Filter>addons\ofxSpout\libs\SpoutSDK\include</Filter>
		</ClInclude>
		<ClInclude Include="..\..\..\addons\ofxSpout\libs\SpoutSDK\include\SpoutGLextensions.h">
			<Filter>addons\ofxSpout\libs\SpoutSDK\include</Filter>
		</ClInclude>
		<ClInclude Include="..\..\..\addons\ofxSpout\libs\SpoutSDK\include\SpoutReceiver.h">
			<Filter>addons\ofxSpout\libs\SpoutSDK\include</Filter>
		</ClInclude>
		<ClInclude Include="..\..\..\addons\ofxSpout\libs\SpoutSDK\include\SpoutSender.h">
			<Filter>addons\ofxSpout\libs\SpoutSDK\include</Filter>
		</ClInclude>
		<ClInclude Include="..\..\..\addons\ofxSpout\libs\SpoutSDK\include\SpoutSenderNames.h">
			<Filter>addons\ofxSpout\libs\SpoutSDK\include</Filter>
		</ClInclude>
		<ClInclude Include="..\..\..\addons\ofxSpout\libs\SpoutSDK\include\SpoutSharedMemory.h">
			<Filter>addons\ofxSpout\libs\SpoutSDK\include</Filter>
		</ClInclude>
		<ClInclude Include="..\..\..\addons\ofxSpout\libs\SpoutSDK\include\SpoutUtils.h">
			<Filter>addons\ofxSpout\libs\SpoutSDK\include</Filter>
		</ClInclude>
	</ItemGroup>
	<ItemGroup>
		<ResourceCompile Include="icon.rc" />
	</ItemGroup>
</Project>
